
Microsoft Visual Studio Solution File, Format Version 12.00
# Visual Studio Version 17
VisualStudioVersion = 17.9.34714.143
MinimumVisualStudioVersion = 10.0.40219.1
Project("{9A19103F-16F7-4668-BE54-9A1E7A4F7556}") = "FirmaKurierska.Application", "FirmaKurierska.Application\FirmaKurierska.Application.csproj", "{02D34105-8DC8-444C-BD7B-2D48E831290A}"
EndProject
Project("{9A19103F-16F7-4668-BE54-9A1E7A4F7556}") = "FirmaKurierska.Infrastructure", "FirmaKurierska.Infrastructure\FirmaKurierska.Infrastructure.csproj", "{72A90B29-E5D2-47E6-B728-976B7FF39DAF}"
EndProject
Project("{9A19103F-16F7-4668-BE54-9A1E7A4F7556}") = "FirmaKurierska.Domain", "FirmaKurierska.Domain\FirmaKurierska.Domain.csproj", "{E10732F4-3E32-4B61-8273-95D167128369}"
EndProject
Project("{9A19103F-16F7-4668-BE54-9A1E7A4F7556}") = "FirmaKurierska.WebAPI", "FirmaKurierska.WebAPI\FirmaKurierska.WebAPI.csproj", "{BAF5EE2C-0CDD-47B8-BFE7-5BFAA3C126BA}"
EndProject
Project("{9A19103F-16F7-4668-BE54-9A1E7A4F7556}") = "FirmaKurierska.BlazorServer", "FirmaKurierska.BlazorServer\FirmaKurierska.BlazorServer.csproj", "{A09FA57C-506E-45DD-9A1C-A1769E6BB732}"
EndProject
Project("{9A19103F-16F7-4668-BE54-9A1E7A4F7556}") = "FirmaKurierska.SharedKernel", "FirmaKurierska.SharedKernel\FirmaKurierska.SharedKernel.csproj", "{89ACDFB5-3433-4F69-B4BF-94643DF05354}"
EndProject
Global
	GlobalSection(SolutionConfigurationPlatforms) = preSolution
		Debug|Any CPU = Debug|Any CPU
		Release|Any CPU = Release|Any CPU
	EndGlobalSection
	GlobalSection(ProjectConfigurationPlatforms) = postSolution
		{02D34105-8DC8-444C-BD7B-2D48E831290A}.Debug|Any CPU.ActiveCfg = Debug|Any CPU
		{02D34105-8DC8-444C-BD7B-2D48E831290A}.Debug|Any CPU.Build.0 = Debug|Any CPU
		{02D34105-8DC8-444C-BD7B-2D48E831290A}.Release|Any CPU.ActiveCfg = Release|Any CPU
		{02D34105-8DC8-444C-BD7B-2D48E831290A}.Release|Any CPU.Build.0 = Release|Any CPU
		{72A90B29-E5D2-47E6-B728-976B7FF39DAF}.Debug|Any CPU.ActiveCfg = Debug|Any CPU
		{72A90B29-E5D2-47E6-B728-976B7FF39DAF}.Debug|Any CPU.Build.0 = Debug|Any CPU
		{72A90B29-E5D2-47E6-B728-976B7FF39DAF}.Release|Any CPU.ActiveCfg = Release|Any CPU
		{72A90B29-E5D2-47E6-B728-976B7FF39DAF}.Release|Any CPU.Build.0 = Release|Any CPU
		{E10732F4-3E32-4B61-8273-95D167128369}.Debug|Any CPU.ActiveCfg = Debug|Any CPU
		{E10732F4-3E32-4B61-8273-95D167128369}.Debug|Any CPU.Build.0 = Debug|Any CPU
		{E10732F4-3E32-4B61-8273-95D167128369}.Release|Any CPU.ActiveCfg = Release|Any CPU
		{E10732F4-3E32-4B61-8273-95D167128369}.Release|Any CPU.Build.0 = Release|Any CPU
		{BAF5EE2C-0CDD-47B8-BFE7-5BFAA3C126BA}.Debug|Any CPU.ActiveCfg = Debug|Any CPU
		{BAF5EE2C-0CDD-47B8-BFE7-5BFAA3C126BA}.Debug|Any CPU.Build.0 = Debug|Any CPU
		{BAF5EE2C-0CDD-47B8-BFE7-5BFAA3C126BA}.Release|Any CPU.ActiveCfg = Release|Any CPU
		{BAF5EE2C-0CDD-47B8-BFE7-5BFAA3C126BA}.Release|Any CPU.Build.0 = Release|Any CPU
		{A09FA57C-506E-45DD-9A1C-A1769E6BB732}.Debug|Any CPU.ActiveCfg = Debug|Any CPU
		{A09FA57C-506E-45DD-9A1C-A1769E6BB732}.Debug|Any CPU.Build.0 = Debug|Any CPU
		{A09FA57C-506E-45DD-9A1C-A1769E6BB732}.Release|Any CPU.ActiveCfg = Release|Any CPU
		{A09FA57C-506E-45DD-9A1C-A1769E6BB732}.Release|Any CPU.Build.0 = Release|Any CPU
		{89ACDFB5-3433-4F69-B4BF-94643DF05354}.Debug|Any CPU.ActiveCfg = Debug|Any CPU
		{89ACDFB5-3433-4F69-B4BF-94643DF05354}.Debug|Any CPU.Build.0 = Debug|Any CPU
		{89ACDFB5-3433-4F69-B4BF-94643DF05354}.Release|Any CPU.ActiveCfg = Release|Any CPU
		{89ACDFB5-3433-4F69-B4BF-94643DF05354}.Release|Any CPU.Build.0 = Release|Any CPU
	EndGlobalSection
	GlobalSection(SolutionProperties) = preSolution
		HideSolutionNode = FALSE
	EndGlobalSection
	GlobalSection(ExtensibilityGlobals) = postSolution
		SolutionGuid = {394693FF-2374-4BBC-B3D3-45394F2797D8}
	EndGlobalSection
EndGlobal
